
Microsoft Visual Studio Solution File, Format Version 12.00
# Visual Studio Version 17
VisualStudioVersion = 17.4.33213.308
MinimumVisualStudioVersion = 10.0.40219.1
Project("{FAE04EC0-301F-11D3-BF4B-00C04F79EFBC}") = "Challenge06", "Challenge06\Challenge06.csproj", "{F89A06F9-36EB-4792-931B-4EBDA73E4E9A}"
EndProject
Global
	GlobalSection(SolutionConfigurationPlatforms) = preSolution
		Debug|Any CPU = Debug|Any CPU
		Release|Any CPU = Release|Any CPU
	EndGlobalSection
	GlobalSection(ProjectConfigurationPlatforms) = postSolution
		{F89A06F9-36EB-4792-931B-4EBDA73E4E9A}.Debug|Any CPU.ActiveCfg = Debug|Any CPU
		{F89A06F9-36EB-4792-931B-4EBDA73E4E9A}.Debug|Any CPU.Build.0 = Debug|Any CPU
		{F89A06F9-36EB-4792-931B-4EBDA73E4E9A}.Release|Any CPU.ActiveCfg = Release|Any CPU
		{F89A06F9-36EB-4792-931B-4EBDA73E4E9A}.Release|Any CPU.Build.0 = Release|Any CPU
	EndGlobalSection
	GlobalSection(SolutionProperties) = preSolution
		HideSolutionNode = FALSE
	EndGlobalSection
	GlobalSection(ExtensibilityGlobals) = postSolution
		SolutionGuid = {21E03F1E-E42F-4340-9228-28DB62F05044}
	EndGlobalSection
EndGlobal
